{
  "name": "@nest-modules/mailer",
  "version": "1.1.3",
  "lockfileVersion": 1,
  "requires": true,
  "dependencies": {
    "@nestjs/common": {
      "version": "6.0.5",
      "resolved": "https://registry.npmjs.org/@nestjs/common/-/common-6.0.5.tgz",
      "integrity": "sha512-CbXtgBW/irevfUZF+rURDLFjhmT0Q6dmzbEYkuMg8bSjPmvgG6VzOBG6PwoPZbd+8PrPc2XLjN2A2Hg9mImp7A==",
      "requires": {
        "axios": "0.18.0",
        "cli-color": "1.4.0",
        "uuid": "3.3.2"
      }
    },
    "@nestjs/core": {
      "version": "6.0.5",
      "resolved": "https://registry.npmjs.org/@nestjs/core/-/core-6.0.5.tgz",
      "integrity": "sha512-diLLr9qb9vGKyvfkt8JFGox21rpgj4YiToCRb3Tbdab0bvssLopznh/f7cdEBNmk5Adtl3IvXjtdVRj+XH7VCw==",
      "requires": {
        "@nuxtjs/opencollective": "0.2.1",
        "fast-safe-stringify": "2.0.6",
        "iterare": "1.1.2",
        "object-hash": "1.3.1",
        "optional": "0.1.4",
        "uuid": "3.3.2"
      },
      "dependencies": {
        "uuid": {
          "version": "3.3.2",
          "resolved": "https://registry.npmjs.org/uuid/-/uuid-3.3.2.tgz",
          "integrity": "sha512-yXJmeNaw3DnnKAOKJE51sL/ZaYfWJRl1pK9dr19YFCu0ObS231AB1/LbqTKRAQ5kw8A90rA6fr4riOUpTZvQZA=="
        }
      }
    },
    "@nuxtjs/opencollective": {
      "version": "0.2.1",
      "resolved": "https://registry.npmjs.org/@nuxtjs/opencollective/-/opencollective-0.2.1.tgz",
      "integrity": "sha512-pzSib8NKquaTt/ns5Cc2G0BGRVJXaD+p1qfF6q7vNIMvRysorn/VF3y7gAuQpcxfF7wBbGE+dXjhIieWOUsWSw==",
      "requires": {
        "chalk": "^2.4.1",
        "consola": "^2.3.0",
        "node-fetch": "^2.3.0"
      }
    },
    "@types/babel-types": {
      "version": "7.0.4",
      "resolved": "https://registry.npmjs.org/@types/babel-types/-/babel-types-7.0.4.tgz",
      "integrity": "sha512-WiZhq3SVJHFRgRYLXvpf65XnV6ipVHhnNaNvE8yCimejrGglkg38kEj0JcizqwSHxmPSjcTlig/6JouxLGEhGw=="
    },
    "@types/babylon": {
      "version": "6.16.4",
      "resolved": "https://registry.npmjs.org/@types/babylon/-/babylon-6.16.4.tgz",
      "integrity": "sha512-8dZMcGPno3g7pJ/d0AyJERo+lXh9i1JhDuCUs+4lNIN9eUe5Yh6UCLrpgSEi05Ve2JMLauL2aozdvKwNL0px1Q==",
      "requires": {
        "@types/babel-types": "*"
      }
    },
    "@types/lodash": {
      "version": "4.14.123",
      "resolved": "https://registry.npmjs.org/@types/lodash/-/lodash-4.14.123.tgz",
      "integrity": "sha512-pQvPkc4Nltyx7G1Ww45OjVqUsJP4UsZm+GWJpigXgkikZqJgRm4c48g027o6tdgubWHwFRF15iFd+Y4Pmqv6+Q==",
      "dev": true
    },
    "@types/node": {
      "version": "11.13.0",
      "resolved": "https://registry.npmjs.org/@types/node/-/node-11.13.0.tgz",
      "integrity": "sha512-rx29MMkRdVmzunmiA4lzBYJNnXsW/PhG4kMBy2ATsYaDjGGR75dCFEVVROKpNwlVdcUX3xxlghKQOeDPBJobng==",
      "dev": true
    },
    "@types/nodemailer": {
      "version": "4.6.7",
      "resolved": "https://registry.npmjs.org/@types/nodemailer/-/nodemailer-4.6.7.tgz",
      "integrity": "sha512-slR1wz8I8O20CHNBNhYhObRZ8zeG5FnfFUWLZKk1f0UDYaLZOsBjUfCC9VEFi7oSRCC886DfKmq1JncPDMOrng==",
      "dev": true,
      "requires": {
        "@types/node": "*"
      }
    },
    "@types/pug": {
      "version": "2.0.4",
      "resolved": "https://registry.npmjs.org/@types/pug/-/pug-2.0.4.tgz",
      "integrity": "sha1-h3L80EGOPNLMFxVV1zAHQVBR9LI=",
      "dev": true
    },
    "acorn": {
      "version": "3.3.0",
      "resolved": "https://registry.npmjs.org/acorn/-/acorn-3.3.0.tgz",
      "integrity": "sha1-ReN/s56No/JbruP/U2niu18iAXo="
    },
    "acorn-globals": {
      "version": "3.1.0",
      "resolved": "https://registry.npmjs.org/acorn-globals/-/acorn-globals-3.1.0.tgz",
      "integrity": "sha1-/YJw9x+7SZawBPqIDuXUZXOnMb8=",
      "requires": {
        "acorn": "^4.0.4"
      },
      "dependencies": {
        "acorn": {
          "version": "4.0.13",
          "resolved": "https://registry.npmjs.org/acorn/-/acorn-4.0.13.tgz",
          "integrity": "sha1-EFSVrlNh1pe9GVyCUZLhrX8lN4c="
        }
      }
    },
    "align-text": {
      "version": "0.1.4",
      "resolved": "https://registry.npmjs.org/align-text/-/align-text-0.1.4.tgz",
      "integrity": "sha1-DNkKVhCT810KmSVsIrcGlDP60Rc=",
      "requires": {
        "kind-of": "^3.0.2",
        "longest": "^1.0.1",
        "repeat-string": "^1.5.2"
      }
    },
    "ansi-regex": {
      "version": "2.1.1",
      "resolved": "https://registry.npmjs.org/ansi-regex/-/ansi-regex-2.1.1.tgz",
      "integrity": "sha1-w7M6te42DYbg5ijwRorn7yfWVN8="
    },
    "ansi-styles": {
      "version": "3.2.1",
      "resolved": "https://registry.npmjs.org/ansi-styles/-/ansi-styles-3.2.1.tgz",
      "integrity": "sha512-VT0ZI6kZRdTh8YyJw3SMbYm/u+NqfsAxEpWO0Pf9sq8/e94WxxOpPKx9FR1FlyCtOVDNOQ+8ntlqFxiRc+r5qA==",
      "requires": {
        "color-convert": "^1.9.0"
      }
    },
    "asap": {
      "version": "2.0.6",
      "resolved": "https://registry.npmjs.org/asap/-/asap-2.0.6.tgz",
      "integrity": "sha1-5QNHYR1+aQlDIIu9r+vLwvuGbUY="
    },
    "axios": {
      "version": "0.18.0",
      "resolved": "https://registry.npmjs.org/axios/-/axios-0.18.0.tgz",
      "integrity": "sha1-MtU+SFHv3AoRmTts0AB4nXDAUQI=",
      "requires": {
        "follow-redirects": "^1.3.0",
        "is-buffer": "^1.1.5"
      }
    },
    "babel-runtime": {
      "version": "6.26.0",
      "resolved": "https://registry.npmjs.org/babel-runtime/-/babel-runtime-6.26.0.tgz",
      "integrity": "sha1-llxwWGaOgrVde/4E/yM3vItWR/4=",
      "requires": {
        "core-js": "^2.4.0",
        "regenerator-runtime": "^0.11.0"
      }
    },
    "babel-types": {
      "version": "6.26.0",
      "resolved": "https://registry.npmjs.org/babel-types/-/babel-types-6.26.0.tgz",
      "integrity": "sha1-o7Bz+Uq0nrb6Vc1lInozQ4BjJJc=",
      "requires": {
        "babel-runtime": "^6.26.0",
        "esutils": "^2.0.2",
        "lodash": "^4.17.4",
        "to-fast-properties": "^1.0.3"
      }
    },
    "babylon": {
      "version": "6.18.0",
      "resolved": "https://registry.npmjs.org/babylon/-/babylon-6.18.0.tgz",
      "integrity": "sha512-q/UEjfGJ2Cm3oKV71DJz9d25TPnq5rhBVL2Q4fA5wcC3jcrdn7+SssEybFIxwAvvP+YCsCYNKughoF33GxgycQ=="
    },
    "camelcase": {
      "version": "1.2.1",
      "resolved": "https://registry.npmjs.org/camelcase/-/camelcase-1.2.1.tgz",
      "integrity": "sha1-m7UwTS4LVmmLLHWLCKPqqdqlijk="
    },
    "center-align": {
      "version": "0.1.3",
      "resolved": "https://registry.npmjs.org/center-align/-/center-align-0.1.3.tgz",
      "integrity": "sha1-qg0yYptu6XIgBBHL1EYckHvCt60=",
      "requires": {
        "align-text": "^0.1.3",
        "lazy-cache": "^1.0.3"
      }
    },
    "chalk": {
      "version": "2.4.2",
      "resolved": "https://registry.npmjs.org/chalk/-/chalk-2.4.2.tgz",
      "integrity": "sha512-Mti+f9lpJNcwF4tWV8/OrTTtF1gZi+f8FqlyAdouralcFWFQWF2+NgCHShjkCb+IFBLq9buZwE1xckQU4peSuQ==",
      "requires": {
        "ansi-styles": "^3.2.1",
        "escape-string-regexp": "^1.0.5",
        "supports-color": "^5.3.0"
      }
    },
    "character-parser": {
      "version": "2.2.0",
      "resolved": "https://registry.npmjs.org/character-parser/-/character-parser-2.2.0.tgz",
      "integrity": "sha1-x84o821LzZdE5f/CxfzeHHMmH8A=",
      "requires": {
        "is-regex": "^1.0.3"
      }
    },
    "clean-css": {
      "version": "4.2.1",
      "resolved": "https://registry.npmjs.org/clean-css/-/clean-css-4.2.1.tgz",
      "integrity": "sha512-4ZxI6dy4lrY6FHzfiy1aEOXgu4LIsW2MhwG0VBKdcoGoH/XLFgaHSdLTGr4O8Be6A8r3MOphEiI8Gc1n0ecf3g==",
      "requires": {
        "source-map": "~0.6.0"
      }
    },
    "cli-color": {
      "version": "1.4.0",
      "resolved": "https://registry.npmjs.org/cli-color/-/cli-color-1.4.0.tgz",
      "integrity": "sha512-xu6RvQqqrWEo6MPR1eixqGPywhYBHRs653F9jfXB2Hx4jdM/3WxiNE1vppRmxtMIfl16SFYTpYlrnqH/HsK/2w==",
      "requires": {
        "ansi-regex": "^2.1.1",
        "d": "1",
        "es5-ext": "^0.10.46",
        "es6-iterator": "^2.0.3",
        "memoizee": "^0.4.14",
        "timers-ext": "^0.1.5"
      }
    },
    "cliui": {
      "version": "2.1.0",
      "resolved": "https://registry.npmjs.org/cliui/-/cliui-2.1.0.tgz",
      "integrity": "sha1-S0dXYP+AJkx2LDoXGQMukcf+oNE=",
      "requires": {
        "center-align": "^0.1.1",
        "right-align": "^0.1.1",
        "wordwrap": "0.0.2"
      }
    },
    "color-convert": {
      "version": "1.9.3",
      "resolved": "https://registry.npmjs.org/color-convert/-/color-convert-1.9.3.tgz",
      "integrity": "sha512-QfAUtd+vFdAtFQcC8CCyYt1fYWxSqAiK2cSD6zDB8N3cpsEBAvRxp9zOGg6G/SHHJYAT88/az/IuDGALsNVbGg==",
      "requires": {
        "color-name": "1.1.3"
      }
    },
    "color-name": {
      "version": "1.1.3",
      "resolved": "https://registry.npmjs.org/color-name/-/color-name-1.1.3.tgz",
      "integrity": "sha1-p9BVi9icQveV3UIyj3QIMcpTvCU="
    },
    "commander": {
      "version": "2.20.0",
      "resolved": "https://registry.npmjs.org/commander/-/commander-2.20.0.tgz",
      "integrity": "sha512-7j2y+40w61zy6YC2iRNpUe/NwhNyoXrYpHMrSunaMG64nRnaf96zO/KMQR4OyN/UnE5KLyEBnKHd4aG3rskjpQ==",
      "optional": true
    },
    "consola": {
      "version": "2.10.1",
      "resolved": "https://registry.npmjs.org/consola/-/consola-2.10.1.tgz",
      "integrity": "sha512-4sxpH6SGFYLADfUip4vuY65f/gEogrzJoniVhNUYkJHtng0l8ZjnDCqxxrSVRHOHwKxsy8Vm5ONZh1wOR3/l/w=="
    },
    "constantinople": {
      "version": "3.1.2",
      "resolved": "https://registry.npmjs.org/constantinople/-/constantinople-3.1.2.tgz",
      "integrity": "sha512-yePcBqEFhLOqSBtwYOGGS1exHo/s1xjekXiinh4itpNQGCu4KA1euPh1fg07N2wMITZXQkBz75Ntdt1ctGZouw==",
      "requires": {
        "@types/babel-types": "^7.0.0",
        "@types/babylon": "^6.16.2",
        "babel-types": "^6.26.0",
        "babylon": "^6.18.0"
      }
    },
    "core-js": {
      "version": "2.6.4",
      "resolved": "https://registry.npmjs.org/core-js/-/core-js-2.6.4.tgz",
      "integrity": "sha512-05qQ5hXShcqGkPZpXEFLIpxayZscVD2kuMBZewxiIPPEagukO4mqgPA9CWhUvFBJfy3ODdK2p9xyHh7FTU9/7A=="
    },
    "d": {
      "version": "1.0.1",
      "resolved": "https://registry.npmjs.org/d/-/d-1.0.1.tgz",
      "integrity": "sha512-m62ShEObQ39CfralilEQRjH6oAMtNCV1xJyEx5LpRYUVN+EviphDgUc/F3hnYbADmkiNs67Y+3ylmlG7Lnu+FA==",
      "requires": {
        "es5-ext": "^0.10.50",
        "type": "^1.0.1"
      }
    },
    "debug": {
      "version": "3.2.6",
      "resolved": "https://registry.npmjs.org/debug/-/debug-3.2.6.tgz",
      "integrity": "sha512-mel+jf7nrtEl5Pn1Qx46zARXKDpBbvzezse7p7LqINmdoIk8PYP5SySaxEmYv6TZ0JyEKA1hsCId6DIhgITtWQ==",
      "requires": {
        "ms": "^2.1.1"
      }
    },
    "decamelize": {
      "version": "1.2.0",
      "resolved": "https://registry.npmjs.org/decamelize/-/decamelize-1.2.0.tgz",
      "integrity": "sha1-9lNNFRSCabIDUue+4m9QH5oZEpA="
    },
    "doctypes": {
      "version": "1.1.0",
      "resolved": "https://registry.npmjs.org/doctypes/-/doctypes-1.1.0.tgz",
      "integrity": "sha1-6oCxBqh1OHdOijpKWv4pPeSJ4Kk="
    },
    "es5-ext": {
      "version": "0.10.51",
      "resolved": "https://registry.npmjs.org/es5-ext/-/es5-ext-0.10.51.tgz",
      "integrity": "sha512-oRpWzM2WcLHVKpnrcyB7OW8j/s67Ba04JCm0WnNv3RiABSvs7mrQlutB8DBv793gKcp0XENR8Il8WxGTlZ73gQ==",
      "requires": {
        "es6-iterator": "~2.0.3",
        "es6-symbol": "~3.1.1",
        "next-tick": "^1.0.0"
      }
    },
    "es6-iterator": {
      "version": "2.0.3",
      "resolved": "https://registry.npmjs.org/es6-iterator/-/es6-iterator-2.0.3.tgz",
      "integrity": "sha1-p96IkUGgWpSwhUQDstCg+/qY87c=",
      "requires": {
        "d": "1",
        "es5-ext": "^0.10.35",
        "es6-symbol": "^3.1.1"
      }
    },
    "es6-symbol": {
      "version": "3.1.2",
      "resolved": "https://registry.npmjs.org/es6-symbol/-/es6-symbol-3.1.2.tgz",
      "integrity": "sha512-/ZypxQsArlv+KHpGvng52/Iz8by3EQPxhmbuz8yFG89N/caTFBSbcXONDw0aMjy827gQg26XAjP4uXFvnfINmQ==",
      "requires": {
        "d": "^1.0.1",
        "es5-ext": "^0.10.51"
      }
    },
    "es6-weak-map": {
      "version": "2.0.3",
      "resolved": "https://registry.npmjs.org/es6-weak-map/-/es6-weak-map-2.0.3.tgz",
      "integrity": "sha512-p5um32HOTO1kP+w7PRnB+5lQ43Z6muuMuIMffvDN8ZB4GcnjLBV6zGStpbASIMk4DCAvEaamhe2zhyCb/QXXsA==",
      "requires": {
        "d": "1",
        "es5-ext": "^0.10.46",
        "es6-iterator": "^2.0.3",
        "es6-symbol": "^3.1.1"
      }
    },
    "escape-string-regexp": {
      "version": "1.0.5",
      "resolved": "https://registry.npmjs.org/escape-string-regexp/-/escape-string-regexp-1.0.5.tgz",
      "integrity": "sha1-G2HAViGQqN/2rjuyzwIAyhMLhtQ="
    },
    "esutils": {
      "version": "2.0.2",
      "resolved": "https://registry.npmjs.org/esutils/-/esutils-2.0.2.tgz",
      "integrity": "sha1-Cr9PHKpbyx96nYrMbepPqqBLrJs="
    },
    "event-emitter": {
      "version": "0.3.5",
      "resolved": "https://registry.npmjs.org/event-emitter/-/event-emitter-0.3.5.tgz",
      "integrity": "sha1-34xp7vFkeSPHFXuc6DhAYQsCzDk=",
      "requires": {
        "d": "1",
        "es5-ext": "~0.10.14"
      }
    },
    "fast-safe-stringify": {
      "version": "2.0.6",
      "resolved": "https://registry.npmjs.org/fast-safe-stringify/-/fast-safe-stringify-2.0.6.tgz",
      "integrity": "sha512-q8BZ89jjc+mz08rSxROs8VsrBBcn1SIw1kq9NjolL509tkABRk9io01RAjSaEv1Xb2uFLt8VtRiZbGp5H8iDtg=="
    },
    "follow-redirects": {
      "version": "1.9.0",
      "resolved": "https://registry.npmjs.org/follow-redirects/-/follow-redirects-1.9.0.tgz",
      "integrity": "sha512-CRcPzsSIbXyVDl0QI01muNDu69S8trU4jArW9LpOt2WtC6LyUJetcIrmfHsRBx7/Jb6GHJUiuqyYxPooFfNt6A==",
      "requires": {
        "debug": "^3.0.0"
      }
    },
    "function-bind": {
      "version": "1.1.1",
      "resolved": "https://registry.npmjs.org/function-bind/-/function-bind-1.1.1.tgz",
      "integrity": "sha512-yIovAzMX49sF8Yl58fSCWJ5svSLuaibPxXQJFLmBObTuCr0Mf1KiPopGM9NiFjiYBCbfaa2Fh6breQ6ANVTI0A=="
    },
    "handlebars": {
      "version": "4.2.0",
      "resolved": "https://registry.npmjs.org/handlebars/-/handlebars-4.2.0.tgz",
      "integrity": "sha512-Kb4xn5Qh1cxAKvQnzNWZ512DhABzyFNmsaJf3OAkWNa4NkaqWcNI8Tao8Tasi0/F4JD9oyG0YxuFyvyR57d+Gw==",
      "requires": {
        "neo-async": "^2.6.0",
        "optimist": "^0.6.1",
        "source-map": "^0.6.1",
        "uglify-js": "^3.1.4"
      },
      "dependencies": {
        "uglify-js": {
          "version": "3.6.0",
          "resolved": "https://registry.npmjs.org/uglify-js/-/uglify-js-3.6.0.tgz",
          "integrity": "sha512-W+jrUHJr3DXKhrsS7NUVxn3zqMOFn0hL/Ei6v0anCIMoKC93TjcflTagwIHLW7SfMFfiQuktQyFVCFHGUE0+yg==",
          "optional": true,
          "requires": {
            "commander": "~2.20.0",
            "source-map": "~0.6.1"
          }
        }
      }
    },
    "has": {
      "version": "1.0.3",
      "resolved": "https://registry.npmjs.org/has/-/has-1.0.3.tgz",
      "integrity": "sha512-f2dvO0VU6Oej7RkWJGrehjbzMAjFp5/VKPp5tTpWIV4JHHZK1/BxbFRtf/siA2SWTe09caDmVtYYzWEIbBS4zw==",
      "requires": {
        "function-bind": "^1.1.1"
      }
    },
    "has-flag": {
      "version": "3.0.0",
      "resolved": "https://registry.npmjs.org/has-flag/-/has-flag-3.0.0.tgz",
      "integrity": "sha1-tdRU3CGZriJWmfNGfloH87lVuv0="
    },
    "is-buffer": {
      "version": "1.1.6",
      "resolved": "https://registry.npmjs.org/is-buffer/-/is-buffer-1.1.6.tgz",
      "integrity": "sha512-NcdALwpXkTm5Zvvbk7owOUSvVvBKDgKP5/ewfXEznmQFfs4ZRmanOeKBTjRVjka3QFoN6XJ+9F3USqfHqTaU5w=="
    },
    "is-expression": {
      "version": "3.0.0",
      "resolved": "https://registry.npmjs.org/is-expression/-/is-expression-3.0.0.tgz",
      "integrity": "sha1-Oayqa+f9HzRx3ELHQW5hwkMXrJ8=",
      "requires": {
        "acorn": "~4.0.2",
        "object-assign": "^4.0.1"
      },
      "dependencies": {
        "acorn": {
          "version": "4.0.13",
          "resolved": "https://registry.npmjs.org/acorn/-/acorn-4.0.13.tgz",
          "integrity": "sha1-EFSVrlNh1pe9GVyCUZLhrX8lN4c="
        }
      }
    },
    "is-promise": {
      "version": "2.1.0",
      "resolved": "https://registry.npmjs.org/is-promise/-/is-promise-2.1.0.tgz",
      "integrity": "sha1-eaKp7OfwlugPNtKy87wWwf9L8/o="
    },
    "is-regex": {
      "version": "1.0.4",
      "resolved": "https://registry.npmjs.org/is-regex/-/is-regex-1.0.4.tgz",
      "integrity": "sha1-VRdIm1RwkbCTDglWVM7SXul+lJE=",
      "requires": {
        "has": "^1.0.1"
      }
    },
    "iterare": {
      "version": "1.1.2",
      "resolved": "https://registry.npmjs.org/iterare/-/iterare-1.1.2.tgz",
      "integrity": "sha512-25rVYmj/dDvTR6zOa9jY1Ihd6USLa0J508Ub2iy7Aga+xu9JMbjDds2Uh03ReDGbva/YN3s3Ybi+Do0nOX6wAg=="
    },
    "js-stringify": {
      "version": "1.0.2",
      "resolved": "https://registry.npmjs.org/js-stringify/-/js-stringify-1.0.2.tgz",
      "integrity": "sha1-Fzb939lyTyijaCrcYjCufk6Weds="
    },
    "jstransformer": {
      "version": "1.0.0",
      "resolved": "https://registry.npmjs.org/jstransformer/-/jstransformer-1.0.0.tgz",
      "integrity": "sha1-7Yvwkh4vPx7U1cGkT2hwntJHIsM=",
      "requires": {
        "is-promise": "^2.0.0",
        "promise": "^7.0.1"
      }
    },
    "kind-of": {
      "version": "3.2.2",
      "resolved": "https://registry.npmjs.org/kind-of/-/kind-of-3.2.2.tgz",
      "integrity": "sha1-MeohpzS6ubuw8yRm2JOupR5KPGQ=",
      "requires": {
        "is-buffer": "^1.1.5"
      }
    },
    "lazy-cache": {
      "version": "1.0.4",
      "resolved": "https://registry.npmjs.org/lazy-cache/-/lazy-cache-1.0.4.tgz",
      "integrity": "sha1-odePw6UEdMuAhF07O24dpJpEbo4="
    },
    "lodash": {
      "version": "4.17.15",
      "resolved": "https://registry.npmjs.org/lodash/-/lodash-4.17.15.tgz",
      "integrity": "sha512-8xOcRHvCjnocdS5cpwXQXVzmmh5e5+saE2QGoeQmbKmRS6J3VQppPOIt0MnmE+4xlZoumy0GPG0D0MVIQbNA1A=="
    },
    "longest": {
      "version": "1.0.1",
      "resolved": "https://registry.npmjs.org/longest/-/longest-1.0.1.tgz",
      "integrity": "sha1-MKCy2jj3N3DoKUoNIuZiXtd9AJc="
    },
    "lru-queue": {
      "version": "0.1.0",
      "resolved": "https://registry.npmjs.org/lru-queue/-/lru-queue-0.1.0.tgz",
      "integrity": "sha1-Jzi9nw089PhEkMVzbEhpmsYyzaM=",
      "requires": {
        "es5-ext": "~0.10.2"
      }
    },
    "memoizee": {
      "version": "0.4.14",
      "resolved": "https://registry.npmjs.org/memoizee/-/memoizee-0.4.14.tgz",
      "integrity": "sha512-/SWFvWegAIYAO4NQMpcX+gcra0yEZu4OntmUdrBaWrJncxOqAziGFlHxc7yjKVK2uu3lpPW27P27wkR82wA8mg==",
      "requires": {
        "d": "1",
        "es5-ext": "^0.10.45",
        "es6-weak-map": "^2.0.2",
        "event-emitter": "^0.3.5",
        "is-promise": "^2.1",
        "lru-queue": "0.1",
        "next-tick": "1",
        "timers-ext": "^0.1.5"
      }
    },
    "minimist": {
      "version": "0.0.10",
      "resolved": "https://registry.npmjs.org/minimist/-/minimist-0.0.10.tgz",
      "integrity": "sha1-3j+YVD2/lggr5IrRoMfNqDYwHc8="
    },
    "ms": {
      "version": "2.1.2",
      "resolved": "https://registry.npmjs.org/ms/-/ms-2.1.2.tgz",
      "integrity": "sha512-sGkPx+VjMtmA6MX27oA4FBFELFCZZ4S4XqeGOXCv68tT+jb3vk/RyaKWP0PTKyWtmLSM0b+adUTEvbs1PEaH2w=="
    },
    "neo-async": {
      "version": "2.6.1",
      "resolved": "https://registry.npmjs.org/neo-async/-/neo-async-2.6.1.tgz",
      "integrity": "sha512-iyam8fBuCUpWeKPGpaNMetEocMt364qkCsfL9JuhjXX6dRnguRVOfk2GZaDpPjcOKiiXCPINZC1GczQ7iTq3Zw=="
    },
    "next-tick": {
      "version": "1.0.0",
      "resolved": "https://registry.npmjs.org/next-tick/-/next-tick-1.0.0.tgz",
      "integrity": "sha1-yobR/ogoFpsBICCOPchCS524NCw="
    },
    "node-fetch": {
      "version": "2.6.0",
      "resolved": "https://registry.npmjs.org/node-fetch/-/node-fetch-2.6.0.tgz",
      "integrity": "sha512-8dG4H5ujfvFiqDmVu9fQ5bOHUC15JMjMY/Zumv26oOvvVJjM67KF8koCWIabKQ1GJIa9r2mMZscBq/TbdOcmNA=="
    },
    "nodemailer": {
      "version": "6.0.0",
      "resolved": "https://registry.npmjs.org/nodemailer/-/nodemailer-6.0.0.tgz",
      "integrity": "sha512-PMQJyLhoNAMoBU1hEh5aaUkpa/tcDNwzS7s7zow/myKfoEoZewMxUuWZqQ5yjYsAnvE484KSkYH5s6iPvcjhCg=="
    },
    "object-assign": {
      "version": "4.1.1",
      "resolved": "https://registry.npmjs.org/object-assign/-/object-assign-4.1.1.tgz",
      "integrity": "sha1-IQmtx5ZYh8/AXLvUQsrIv7s2CGM="
    },
    "object-hash": {
      "version": "1.3.1",
      "resolved": "https://registry.npmjs.org/object-hash/-/object-hash-1.3.1.tgz",
      "integrity": "sha512-OSuu/pU4ENM9kmREg0BdNrUDIl1heYa4mBZacJc+vVWz4GtAwu7jO8s4AIt2aGRUTqxykpWzI3Oqnsm13tTMDA=="
    },
    "optimist": {
      "version": "0.6.1",
      "resolved": "https://registry.npmjs.org/optimist/-/optimist-0.6.1.tgz",
      "integrity": "sha1-2j6nRob6IaGaERwybpDrFaAZZoY=",
      "requires": {
        "minimist": "~0.0.1",
        "wordwrap": "~0.0.2"
      }
    },
    "optional": {
      "version": "0.1.4",
      "resolved": "https://registry.npmjs.org/optional/-/optional-0.1.4.tgz",
      "integrity": "sha512-gtvrrCfkE08wKcgXaVwQVgwEQ8vel2dc5DDBn9RLQZ3YtmtkBss6A2HY6BnJH4N/4Ku97Ri/SF8sNWE2225WJw=="
    },
    "path-parse": {
      "version": "1.0.6",
      "resolved": "https://registry.npmjs.org/path-parse/-/path-parse-1.0.6.tgz",
      "integrity": "sha512-GSmOT2EbHrINBf9SR7CDELwlJ8AENk3Qn7OikK4nFYAu3Ote2+JYNVvkpAEQm3/TLNEJFD/xZJjzyxg3KBWOzw=="
    },
    "promise": {
      "version": "7.3.1",
      "resolved": "https://registry.npmjs.org/promise/-/promise-7.3.1.tgz",
      "integrity": "sha512-nolQXZ/4L+bP/UGlkfaIujX9BKxGwmQ9OT4mOt5yvy8iK1h3wqTEJCijzGANTCCl9nWjY41juyAn2K3Q1hLLTg==",
      "requires": {
        "asap": "~2.0.3"
      }
    },
    "pug": {
      "version": "2.0.3",
      "resolved": "https://registry.npmjs.org/pug/-/pug-2.0.3.tgz",
      "integrity": "sha1-ccuoJTfJWl6rftBGluQiH1Oqh44=",
      "requires": {
        "pug-code-gen": "^2.0.1",
        "pug-filters": "^3.1.0",
        "pug-lexer": "^4.0.0",
        "pug-linker": "^3.0.5",
        "pug-load": "^2.0.11",
        "pug-parser": "^5.0.0",
        "pug-runtime": "^2.0.4",
        "pug-strip-comments": "^1.0.3"
      }
    },
    "pug-attrs": {
      "version": "2.0.3",
      "resolved": "https://registry.npmjs.org/pug-attrs/-/pug-attrs-2.0.3.tgz",
      "integrity": "sha1-owlflw5kFR972tlX7vVftdeQXRU=",
      "requires": {
        "constantinople": "^3.0.1",
        "js-stringify": "^1.0.1",
        "pug-runtime": "^2.0.4"
      }
    },
    "pug-code-gen": {
      "version": "2.0.1",
      "resolved": "https://registry.npmjs.org/pug-code-gen/-/pug-code-gen-2.0.1.tgz",
      "integrity": "sha1-CVHsgyJddNjPxHan+Zolm199BQw=",
      "requires": {
        "constantinople": "^3.0.1",
        "doctypes": "^1.1.0",
        "js-stringify": "^1.0.1",
        "pug-attrs": "^2.0.3",
        "pug-error": "^1.3.2",
        "pug-runtime": "^2.0.4",
        "void-elements": "^2.0.1",
        "with": "^5.0.0"
      }
    },
    "pug-error": {
      "version": "1.3.2",
      "resolved": "https://registry.npmjs.org/pug-error/-/pug-error-1.3.2.tgz",
      "integrity": "sha1-U659nSm7A89WRJOgJhCfVMR/XyY="
    },
    "pug-filters": {
      "version": "3.1.0",
      "resolved": "https://registry.npmjs.org/pug-filters/-/pug-filters-3.1.0.tgz",
      "integrity": "sha1-JxZVVbwEwjbkqisDZiRt+gIbYm4=",
      "requires": {
        "clean-css": "^4.1.11",
        "constantinople": "^3.0.1",
        "jstransformer": "1.0.0",
        "pug-error": "^1.3.2",
        "pug-walk": "^1.1.7",
        "resolve": "^1.1.6",
        "uglify-js": "^2.6.1"
      }
    },
    "pug-lexer": {
      "version": "4.0.0",
      "resolved": "https://registry.npmjs.org/pug-lexer/-/pug-lexer-4.0.0.tgz",
      "integrity": "sha1-IQwYRX7y4XYCQnQMXmR715TOwng=",
      "requires": {
        "character-parser": "^2.1.1",
        "is-expression": "^3.0.0",
        "pug-error": "^1.3.2"
      }
    },
    "pug-linker": {
      "version": "3.0.5",
      "resolved": "https://registry.npmjs.org/pug-linker/-/pug-linker-3.0.5.tgz",
      "integrity": "sha1-npp65ABWgtAn3uuWsAD4juuDoC8=",
      "requires": {
        "pug-error": "^1.3.2",
        "pug-walk": "^1.1.7"
      }
    },
    "pug-load": {
      "version": "2.0.11",
      "resolved": "https://registry.npmjs.org/pug-load/-/pug-load-2.0.11.tgz",
      "integrity": "sha1-5kjlftET/iwfRdV4WOorrWvAFSc=",
      "requires": {
        "object-assign": "^4.1.0",
        "pug-walk": "^1.1.7"
      }
    },
    "pug-parser": {
      "version": "5.0.0",
      "resolved": "https://registry.npmjs.org/pug-parser/-/pug-parser-5.0.0.tgz",
      "integrity": "sha1-45Stmz/KkxI5QK/4hcBuRKt+aOQ=",
      "requires": {
        "pug-error": "^1.3.2",
        "token-stream": "0.0.1"
      }
    },
    "pug-runtime": {
      "version": "2.0.4",
      "resolved": "https://registry.npmjs.org/pug-runtime/-/pug-runtime-2.0.4.tgz",
      "integrity": "sha1-4XjhvaaKsujArPybztLFT9iM61g="
    },
    "pug-strip-comments": {
      "version": "1.0.3",
      "resolved": "https://registry.npmjs.org/pug-strip-comments/-/pug-strip-comments-1.0.3.tgz",
      "integrity": "sha1-8VWVkiBu3G+FMQ2s9K+0igJa9Z8=",
      "requires": {
        "pug-error": "^1.3.2"
      }
    },
    "pug-walk": {
      "version": "1.1.7",
      "resolved": "https://registry.npmjs.org/pug-walk/-/pug-walk-1.1.7.tgz",
      "integrity": "sha1-wA1cUSi6xYBr7BXSt+fNq+QlMfM="
    },
    "reflect-metadata": {
      "version": "0.1.13",
      "resolved": "https://registry.npmjs.org/reflect-metadata/-/reflect-metadata-0.1.13.tgz",
      "integrity": "sha512-Ts1Y/anZELhSsjMcU605fU9RE4Oi3p5ORujwbIKXfWa+0Zxs510Qrmrce5/Jowq3cHSZSJqBjypxmHarc+vEWg==",
      "dev": true
    },
    "regenerator-runtime": {
      "version": "0.11.1",
      "resolved": "https://registry.npmjs.org/regenerator-runtime/-/regenerator-runtime-0.11.1.tgz",
      "integrity": "sha512-MguG95oij0fC3QV3URf4V2SDYGJhJnJGqvIIgdECeODCT98wSWDAJ94SSuVpYQUoTcGUIL6L4yNB7j1DFFHSBg=="
    },
    "repeat-string": {
      "version": "1.6.1",
      "resolved": "https://registry.npmjs.org/repeat-string/-/repeat-string-1.6.1.tgz",
      "integrity": "sha1-jcrkcOHIirwtYA//Sndihtp15jc="
    },
    "resolve": {
      "version": "1.10.0",
      "resolved": "https://registry.npmjs.org/resolve/-/resolve-1.10.0.tgz",
      "integrity": "sha512-3sUr9aq5OfSg2S9pNtPA9hL1FVEAjvfOC4leW0SNf/mpnaakz2a9femSd6LqAww2RaFctwyf1lCqnTHuF1rxDg==",
      "requires": {
        "path-parse": "^1.0.6"
      }
    },
    "right-align": {
      "version": "0.1.3",
      "resolved": "https://registry.npmjs.org/right-align/-/right-align-0.1.3.tgz",
      "integrity": "sha1-YTObci/mo1FWiSENJOFMlhSGE+8=",
      "requires": {
        "align-text": "^0.1.1"
      }
    },
    "rxjs": {
      "version": "6.4.0",
      "resolved": "https://registry.npmjs.org/rxjs/-/rxjs-6.4.0.tgz",
      "integrity": "sha512-Z9Yfa11F6B9Sg/BK9MnqnQ+aQYicPLtilXBp2yUtDt2JRCE0h26d33EnfO3ZxoNxG0T92OUucP3Ct7cpfkdFfw==",
      "requires": {
        "tslib": "^1.9.0"
      }
    },
    "source-map": {
      "version": "0.6.1",
      "resolved": "https://registry.npmjs.org/source-map/-/source-map-0.6.1.tgz",
      "integrity": "sha512-UjgapumWlbMhkBgzT7Ykc5YXUT46F0iKu8SGXq0bcwP5dz/h0Plj6enJqjz1Zbq2l5WaqYnrVbwWOWMyF3F47g=="
    },
    "supports-color": {
      "version": "5.5.0",
      "resolved": "https://registry.npmjs.org/supports-color/-/supports-color-5.5.0.tgz",
      "integrity": "sha512-QjVjwdXIt408MIiAqCX4oUKsgU2EqAGzs2Ppkm4aQYbjm+ZEWEcW4SfFNTr4uMNZma0ey4f5lgLrkB0aX0QMow==",
      "requires": {
        "has-flag": "^3.0.0"
      }
    },
    "timers-ext": {
      "version": "0.1.7",
      "resolved": "https://registry.npmjs.org/timers-ext/-/timers-ext-0.1.7.tgz",
      "integrity": "sha512-b85NUNzTSdodShTIbky6ZF02e8STtVVfD+fu4aXXShEELpozH+bCpJLYMPZbsABN2wDH7fJpqIoXxJpzbf0NqQ==",
      "requires": {
        "es5-ext": "~0.10.46",
        "next-tick": "1"
      }
    },
    "to-fast-properties": {
      "version": "1.0.3",
      "resolved": "https://registry.npmjs.org/to-fast-properties/-/to-fast-properties-1.0.3.tgz",
      "integrity": "sha1-uDVx+k2MJbguIxsG46MFXeTKGkc="
    },
    "token-stream": {
      "version": "0.0.1",
      "resolved": "https://registry.npmjs.org/token-stream/-/token-stream-0.0.1.tgz",
      "integrity": "sha1-zu78cXp2xDFvEm0LnbqlXX598Bo="
    },
    "tslib": {
      "version": "1.9.3",
      "resolved": "https://registry.npmjs.org/tslib/-/tslib-1.9.3.tgz",
      "integrity": "sha512-4krF8scpejhaOgqzBEcGM7yDIEfi0/8+8zDRZhNZZ2kjmHJ4hv3zCbQWxoJGz1iw5U0Jl0nma13xzHXcncMavQ=="
    },
    "type": {
      "version": "1.0.3",
      "resolved": "https://registry.npmjs.org/type/-/type-1.0.3.tgz",
      "integrity": "sha512-51IMtNfVcee8+9GJvj0spSuFcZHe9vSib6Xtgsny1Km9ugyz2mbS08I3rsUIRYgJohFRFU1160sgRodYz378Hg=="
    },
    "typescript": {
      "version": "3.4.1",
      "resolved": "https://registry.npmjs.org/typescript/-/typescript-3.4.1.tgz",
      "integrity": "sha512-3NSMb2VzDQm8oBTLH6Nj55VVtUEpe/rgkIzMir0qVoLyjDZlnMBva0U6vDiV3IH+sl/Yu6oP5QwsAQtHPmDd2Q==",
      "dev": true
    },
    "uglify-js": {
      "version": "2.8.29",
      "resolved": "https://registry.npmjs.org/uglify-js/-/uglify-js-2.8.29.tgz",
      "integrity": "sha1-KcVzMUgFe7Th913zW3qcty5qWd0=",
      "requires": {
        "source-map": "~0.5.1",
        "uglify-to-browserify": "~1.0.0",
        "yargs": "~3.10.0"
      },
      "dependencies": {
        "source-map": {
          "version": "0.5.7",
          "resolved": "https://registry.npmjs.org/source-map/-/source-map-0.5.7.tgz",
          "integrity": "sha1-igOdLRAh0i0eoUyA2OpGi6LvP8w="
        }
      }
    },
    "uglify-to-browserify": {
      "version": "1.0.2",
      "resolved": "https://registry.npmjs.org/uglify-to-browserify/-/uglify-to-browserify-1.0.2.tgz",
      "integrity": "sha1-bgkk1r2mta/jSeOabWMoUKD4grc=",
      "optional": true
    },
    "uuid": {
      "version": "3.3.2",
      "resolved": "https://registry.npmjs.org/uuid/-/uuid-3.3.2.tgz",
      "integrity": "sha512-yXJmeNaw3DnnKAOKJE51sL/ZaYfWJRl1pK9dr19YFCu0ObS231AB1/LbqTKRAQ5kw8A90rA6fr4riOUpTZvQZA=="
    },
    "void-elements": {
      "version": "2.0.1",
      "resolved": "https://registry.npmjs.org/void-elements/-/void-elements-2.0.1.tgz",
      "integrity": "sha1-wGavtYK7HLQSjWDqkjkulNXp2+w="
    },
    "window-size": {
      "version": "0.1.0",
      "resolved": "https://registry.npmjs.org/window-size/-/window-size-0.1.0.tgz",
      "integrity": "sha1-VDjNLqk7IC76Ohn+iIeu58lPnJ0="
    },
    "with": {
      "version": "5.1.1",
      "resolved": "https://registry.npmjs.org/with/-/with-5.1.1.tgz",
      "integrity": "sha1-+k2qktrzLE6pTtRTyB8EaGtXXf4=",
      "requires": {
        "acorn": "^3.1.0",
        "acorn-globals": "^3.0.0"
      }
    },
    "wordwrap": {
      "version": "0.0.2",
      "resolved": "https://registry.npmjs.org/wordwrap/-/wordwrap-0.0.2.tgz",
      "integrity": "sha1-t5Zpu0LstAn4PVg8rVLKF+qhZD8="
    },
    "yargs": {
      "version": "3.10.0",
      "resolved": "https://registry.npmjs.org/yargs/-/yargs-3.10.0.tgz",
      "integrity": "sha1-9+572FfdfB0tOMDnTvvWgdFDH9E=",
      "requires": {
        "camelcase": "^1.0.2",
        "cliui": "^2.1.0",
        "decamelize": "^1.0.0",
        "window-size": "0.1.0"
      }
    }
  }
}
